
Microsoft Visual Studio Solution File, Format Version 12.00
# Visual Studio Version 17
VisualStudioVersion = 17.10.35027.167
MinimumVisualStudioVersion = 10.0.40219.1
Project("{FAE04EC0-301F-11D3-BF4B-00C04F79EFBC}") = "DesafioTargetSistemas", "DesafioTargetSistemas.csproj", "{1B9BC7CF-F5EC-433C-8F17-2CFD6EA93CBC}"
EndProject
Global
	GlobalSection(SolutionConfigurationPlatforms) = preSolution
		Debug|Any CPU = Debug|Any CPU
		Release|Any CPU = Release|Any CPU
	EndGlobalSection
	GlobalSection(ProjectConfigurationPlatforms) = postSolution
		{1B9BC7CF-F5EC-433C-8F17-2CFD6EA93CBC}.Debug|Any CPU.ActiveCfg = Debug|Any CPU
		{1B9BC7CF-F5EC-433C-8F17-2CFD6EA93CBC}.Debug|Any CPU.Build.0 = Debug|Any CPU
		{1B9BC7CF-F5EC-433C-8F17-2CFD6EA93CBC}.Release|Any CPU.ActiveCfg = Release|Any CPU
		{1B9BC7CF-F5EC-433C-8F17-2CFD6EA93CBC}.Release|Any CPU.Build.0 = Release|Any CPU
	EndGlobalSection
	GlobalSection(SolutionProperties) = preSolution
		HideSolutionNode = FALSE
	EndGlobalSection
	GlobalSection(ExtensibilityGlobals) = postSolution
		SolutionGuid = {CDAAACAA-87A8-46AA-8CA7-03CEB277BC10}
	EndGlobalSection
EndGlobal
